
Microsoft Visual Studio Solution File, Format Version 12.00
# Visual Studio Version 16
VisualStudioVersion = 16.0.29613.14
MinimumVisualStudioVersion = 10.0.40219.1
Project("{FAE04EC0-301F-11D3-BF4B-00C04F79EFBC}") = "BlazorNiliAnswers", "BlazorNiliAnswers\BlazorNiliAnswers.csproj", "{637C194D-710C-4447-9ED1-46F11A638672}"
EndProject
Global
	GlobalSection(SolutionConfigurationPlatforms) = preSolution
		Debug|Any CPU = Debug|Any CPU
		Release|Any CPU = Release|Any CPU
	EndGlobalSection
	GlobalSection(ProjectConfigurationPlatforms) = postSolution
		{637C194D-710C-4447-9ED1-46F11A638672}.Debug|Any CPU.ActiveCfg = Debug|Any CPU
		{637C194D-710C-4447-9ED1-46F11A638672}.Debug|Any CPU.Build.0 = Debug|Any CPU
		{637C194D-710C-4447-9ED1-46F11A638672}.Release|Any CPU.ActiveCfg = Release|Any CPU
		{637C194D-710C-4447-9ED1-46F11A638672}.Release|Any CPU.Build.0 = Release|Any CPU
	EndGlobalSection
	GlobalSection(SolutionProperties) = preSolution
		HideSolutionNode = FALSE
	EndGlobalSection
	GlobalSection(ExtensibilityGlobals) = postSolution
		SolutionGuid = {3833623B-357D-4B4E-B6DD-10D701BEF3D0}
	EndGlobalSection
EndGlobal
